
Microsoft Visual Studio Solution File, Format Version 12.00
# Visual Studio Version 17
VisualStudioVersion = 17.13.35825.156 d17.13
MinimumVisualStudioVersion = 10.0.40219.1
Project("{8BC9CEB8-8B4A-11D0-8D11-00A0C91BC942}") = "rts_lab3", "rts_lab3.vcxproj", "{15DB754F-DAD3-4176-9E77-DBA3B06A0CC3}"
EndProject
Global
	GlobalSection(SolutionConfigurationPlatforms) = preSolution
		Debug|x64 = Debug|x64
		Debug|x86 = Debug|x86
		Release|x64 = Release|x64
		Release|x86 = Release|x86
	EndGlobalSection
	GlobalSection(ProjectConfigurationPlatforms) = postSolution
		{15DB754F-DAD3-4176-9E77-DBA3B06A0CC3}.Debug|x64.ActiveCfg = Debug|x64
		{15DB754F-DAD3-4176-9E77-DBA3B06A0CC3}.Debug|x64.Build.0 = Debug|x64
		{15DB754F-DAD3-4176-9E77-DBA3B06A0CC3}.Debug|x86.ActiveCfg = Debug|Win32
		{15DB754F-DAD3-4176-9E77-DBA3B06A0CC3}.Debug|x86.Build.0 = Debug|Win32
		{15DB754F-DAD3-4176-9E77-DBA3B06A0CC3}.Release|x64.ActiveCfg = Release|x64
		{15DB754F-DAD3-4176-9E77-DBA3B06A0CC3}.Release|x64.Build.0 = Release|x64
		{15DB754F-DAD3-4176-9E77-DBA3B06A0CC3}.Release|x86.ActiveCfg = Release|Win32
		{15DB754F-DAD3-4176-9E77-DBA3B06A0CC3}.Release|x86.Build.0 = Release|Win32
	EndGlobalSection
	GlobalSection(SolutionProperties) = preSolution
		HideSolutionNode = FALSE
	EndGlobalSection
	GlobalSection(ExtensibilityGlobals) = postSolution
		SolutionGuid = {519B4AB8-AD09-4439-B884-60994124163E}
	EndGlobalSection
EndGlobal
